
Microsoft Visual Studio Solution File, Format Version 12.00
# Visual Studio Version 16
VisualStudioVersion = 16.0.29215.179
MinimumVisualStudioVersion = 10.0.40219.1
Project("{FAE04EC0-301F-11D3-BF4B-00C04F79EFBC}") = "Analysing Log data", "Analysing Log data\Analysing Log data.csproj", "{0A9DB4AA-626C-4156-A821-8BE542742900}"
EndProject
Global
	GlobalSection(SolutionConfigurationPlatforms) = preSolution
		Debug|Any CPU = Debug|Any CPU
		Release|Any CPU = Release|Any CPU
	EndGlobalSection
	GlobalSection(ProjectConfigurationPlatforms) = postSolution
		{0A9DB4AA-626C-4156-A821-8BE542742900}.Debug|Any CPU.ActiveCfg = Debug|Any CPU
		{0A9DB4AA-626C-4156-A821-8BE542742900}.Debug|Any CPU.Build.0 = Debug|Any CPU
		{0A9DB4AA-626C-4156-A821-8BE542742900}.Release|Any CPU.ActiveCfg = Release|Any CPU
		{0A9DB4AA-626C-4156-A821-8BE542742900}.Release|Any CPU.Build.0 = Release|Any CPU
	EndGlobalSection
	GlobalSection(SolutionProperties) = preSolution
		HideSolutionNode = FALSE
	EndGlobalSection
	GlobalSection(ExtensibilityGlobals) = postSolution
		SolutionGuid = {166FFF3A-62E5-45CD-80EB-D749C5A8B97D}
	EndGlobalSection
EndGlobal
